
Microsoft Visual Studio Solution File, Format Version 12.00
# Visual Studio Version 17
VisualStudioVersion = 17.8.34316.72
MinimumVisualStudioVersion = 10.0.40219.1
Project("{8BC9CEB8-8B4A-11D0-8D11-00A0C91BC942}") = "cgame", "cgame.vcxproj", "{38E39CA2-35F5-406A-986A-33663F46CB18}"
EndProject
Project("{8BC9CEB8-8B4A-11D0-8D11-00A0C91BC942}") = "cgame.qc", "cgame.qc.vcxproj", "{2CFFB539-8BE8-4C54-B32A-8E0CC9A57C0B}"
EndProject
Project("{8BC9CEB8-8B4A-11D0-8D11-00A0C91BC942}") = "qagame", "qagame.vcxproj", "{0F8F6670-E22A-4BFB-9455-6D733B62D3C9}"
EndProject
Project("{8BC9CEB8-8B4A-11D0-8D11-00A0C91BC942}") = "qagame.qc", "qagame.qc.vcxproj", "{77344696-7093-4B68-9ECE-4EA2E32C1A4A}"
EndProject
Project("{2150E333-8FDC-42A3-9474-1A3956D46DE8}") = "game", "game", "{085F085A-F36E-4EE9-9416-A0B019C06AFF}"
EndProject
Project("{2150E333-8FDC-42A3-9474-1A3956D46DE8}") = "engine", "engine", "{2DD18D12-27B0-4F78-A8BB-BAA9E60DA346}"
EndProject
Project("{2150E333-8FDC-42A3-9474-1A3956D46DE8}") = "tools", "tools", "{60C8161F-ED86-4FEF-BDAF-748BED7C62A3}"
EndProject
Project("{8BC9CEB8-8B4A-11D0-8D11-00A0C91BC942}") = "q3asm", "q3asm.vcxproj", "{7E03B592-2400-4436-B343-2A1F88FF8327}"
EndProject
Project("{8BC9CEB8-8B4A-11D0-8D11-00A0C91BC942}") = "q3lcc", "q3lcc.vcxproj", "{125AF0D7-3E5A-4557-9BF5-F4FBDFFACB1C}"
EndProject
Project("{8BC9CEB8-8B4A-11D0-8D11-00A0C91BC942}") = "q3rcc", "rcc.vcxproj", "{1124452F-5852-46DF-8C95-219E37CC5F23}"
EndProject
Project("{8BC9CEB8-8B4A-11D0-8D11-00A0C91BC942}") = "lburg", "lburg.vcxproj", "{98384480-62DE-479A-A99F-23A4B835A848}"
EndProject
Project("{8BC9CEB8-8B4A-11D0-8D11-00A0C91BC942}") = "q3cpp", "cpp.vcxproj", "{5CBFE6D3-1142-4E88-B628-BF162D3C9061}"
EndProject
Project("{8BC9CEB8-8B4A-11D0-8D11-00A0C91BC942}") = "ui", "ui.vcxproj", "{191A1D33-ADF9-4B92-8DE5-963392300D9F}"
EndProject
Project("{8BC9CEB8-8B4A-11D0-8D11-00A0C91BC942}") = "ui.qc", "ui.qc.vcxproj", "{44EBDDDF-E852-4E26-978B-D768FCCD3C7C}"
EndProject
Project("{2150E333-8FDC-42A3-9474-1A3956D46DE8}") = "cgame", "cgame", "{E408AAFA-5357-45CF-9D3D-4BB42A56F63E}"
EndProject
Project("{2150E333-8FDC-42A3-9474-1A3956D46DE8}") = "ui", "ui", "{6243E0F1-9B62-4E6E-9FE8-50383526AAD5}"
EndProject
Project("{8BC9CEB8-8B4A-11D0-8D11-00A0C91BC942}") = "libjpeg-turbo", "libjpeg-turbo.vcxproj", "{96A3F3D4-AF5A-4C5D-9CD4-093691D35B1C}"
EndProject
Global
	GlobalSection(SolutionConfigurationPlatforms) = preSolution
		Debug QC|Win32 = Debug QC|Win32
		Debug QC|x64 = Debug QC|x64
		Debug|Win32 = Debug|Win32
		Debug|x64 = Debug|x64
		Release QC|Win32 = Release QC|Win32
		Release QC|x64 = Release QC|x64
		Release|Win32 = Release|Win32
		Release|x64 = Release|x64
	EndGlobalSection
	GlobalSection(ProjectConfigurationPlatforms) = postSolution
		{38E39CA2-35F5-406A-986A-33663F46CB18}.Debug QC|Win32.ActiveCfg = Debug QC|Win32
		{38E39CA2-35F5-406A-986A-33663F46CB18}.Debug QC|Win32.Build.0 = Debug QC|Win32
		{38E39CA2-35F5-406A-986A-33663F46CB18}.Debug QC|x64.ActiveCfg = Debug QC|x64
		{38E39CA2-35F5-406A-986A-33663F46CB18}.Debug QC|x64.Build.0 = Debug QC|x64
		{38E39CA2-35F5-406A-986A-33663F46CB18}.Debug|Win32.ActiveCfg = Debug|Win32
		{38E39CA2-35F5-406A-986A-33663F46CB18}.Debug|Win32.Build.0 = Debug|Win32
		{38E39CA2-35F5-406A-986A-33663F46CB18}.Debug|x64.ActiveCfg = Debug|x64
		{38E39CA2-35F5-406A-986A-33663F46CB18}.Debug|x64.Build.0 = Debug|x64
		{38E39CA2-35F5-406A-986A-33663F46CB18}.Release QC|Win32.ActiveCfg = Release QC|Win32
		{38E39CA2-35F5-406A-986A-33663F46CB18}.Release QC|Win32.Build.0 = Release QC|Win32
		{38E39CA2-35F5-406A-986A-33663F46CB18}.Release QC|x64.ActiveCfg = Release QC|x64
		{38E39CA2-35F5-406A-986A-33663F46CB18}.Release QC|x64.Build.0 = Release QC|x64
		{38E39CA2-35F5-406A-986A-33663F46CB18}.Release|Win32.ActiveCfg = Release|Win32
		{38E39CA2-35F5-406A-986A-33663F46CB18}.Release|Win32.Build.0 = Release|Win32
		{38E39CA2-35F5-406A-986A-33663F46CB18}.Release|x64.ActiveCfg = Release|x64
		{38E39CA2-35F5-406A-986A-33663F46CB18}.Release|x64.Build.0 = Release|x64
		{2CFFB539-8BE8-4C54-B32A-8E0CC9A57C0B}.Debug QC|Win32.ActiveCfg = Debug QC|Win32
		{2CFFB539-8BE8-4C54-B32A-8E0CC9A57C0B}.Debug QC|x64.ActiveCfg = Debug QC|x64
		{2CFFB539-8BE8-4C54-B32A-8E0CC9A57C0B}.Debug QC|x64.Build.0 = Debug QC|x64
		{2CFFB539-8BE8-4C54-B32A-8E0CC9A57C0B}.Debug|Win32.ActiveCfg = Debug|Win32
		{2CFFB539-8BE8-4C54-B32A-8E0CC9A57C0B}.Debug|Win32.Build.0 = Debug|Win32
		{2CFFB539-8BE8-4C54-B32A-8E0CC9A57C0B}.Debug|x64.ActiveCfg = Debug|x64
		{2CFFB539-8BE8-4C54-B32A-8E0CC9A57C0B}.Release QC|Win32.ActiveCfg = Release QC|Win32
		{2CFFB539-8BE8-4C54-B32A-8E0CC9A57C0B}.Release QC|x64.ActiveCfg = Release QC|x64
		{2CFFB539-8BE8-4C54-B32A-8E0CC9A57C0B}.Release QC|x64.Build.0 = Release QC|x64
		{2CFFB539-8BE8-4C54-B32A-8E0CC9A57C0B}.Release|Win32.ActiveCfg = Release|Win32
		{2CFFB539-8BE8-4C54-B32A-8E0CC9A57C0B}.Release|x64.ActiveCfg = Release|x64
		{0F8F6670-E22A-4BFB-9455-6D733B62D3C9}.Debug QC|Win32.ActiveCfg = Debug QC|Win32
		{0F8F6670-E22A-4BFB-9455-6D733B62D3C9}.Debug QC|Win32.Build.0 = Debug QC|Win32
		{0F8F6670-E22A-4BFB-9455-6D733B62D3C9}.Debug QC|x64.ActiveCfg = Debug QC|x64
		{0F8F6670-E22A-4BFB-9455-6D733B62D3C9}.Debug QC|x64.Build.0 = Debug QC|x64
		{0F8F6670-E22A-4BFB-9455-6D733B62D3C9}.Debug|Win32.ActiveCfg = Debug|Win32
		{0F8F6670-E22A-4BFB-9455-6D733B62D3C9}.Debug|Win32.Build.0 = Debug|Win32
		{0F8F6670-E22A-4BFB-9455-6D733B62D3C9}.Debug|x64.ActiveCfg = Debug|x64
		{0F8F6670-E22A-4BFB-9455-6D733B62D3C9}.Debug|x64.Build.0 = Debug|x64
		{0F8F6670-E22A-4BFB-9455-6D733B62D3C9}.Release QC|Win32.ActiveCfg = Release QC|Win32
		{0F8F6670-E22A-4BFB-9455-6D733B62D3C9}.Release QC|Win32.Build.0 = Release QC|Win32
		{0F8F6670-E22A-4BFB-9455-6D733B62D3C9}.Release QC|x64.ActiveCfg = Release QC|x64
		{0F8F6670-E22A-4BFB-9455-6D733B62D3C9}.Release QC|x64.Build.0 = Release QC|x64
		{0F8F6670-E22A-4BFB-9455-6D733B62D3C9}.Release|Win32.ActiveCfg = Release|Win32
		{0F8F6670-E22A-4BFB-9455-6D733B62D3C9}.Release|Win32.Build.0 = Release|Win32
		{0F8F6670-E22A-4BFB-9455-6D733B62D3C9}.Release|x64.ActiveCfg = Release|x64
		{0F8F6670-E22A-4BFB-9455-6D733B62D3C9}.Release|x64.Build.0 = Release|x64
		{77344696-7093-4B68-9ECE-4EA2E32C1A4A}.Debug QC|Win32.ActiveCfg = Debug QC|Win32
		{77344696-7093-4B68-9ECE-4EA2E32C1A4A}.Debug QC|x64.ActiveCfg = Debug QC|x64
		{77344696-7093-4B68-9ECE-4EA2E32C1A4A}.Debug QC|x64.Build.0 = Debug QC|x64
		{77344696-7093-4B68-9ECE-4EA2E32C1A4A}.Debug|Win32.ActiveCfg = Debug|Win32
		{77344696-7093-4B68-9ECE-4EA2E32C1A4A}.Debug|Win32.Build.0 = Debug|Win32
		{77344696-7093-4B68-9ECE-4EA2E32C1A4A}.Debug|x64.ActiveCfg = Debug|x64
		{77344696-7093-4B68-9ECE-4EA2E32C1A4A}.Release QC|Win32.ActiveCfg = Release QC|Win32
		{77344696-7093-4B68-9ECE-4EA2E32C1A4A}.Release QC|x64.ActiveCfg = Release QC|x64
		{77344696-7093-4B68-9ECE-4EA2E32C1A4A}.Release QC|x64.Build.0 = Release QC|x64
		{77344696-7093-4B68-9ECE-4EA2E32C1A4A}.Release|Win32.ActiveCfg = Release|Win32
		{77344696-7093-4B68-9ECE-4EA2E32C1A4A}.Release|x64.ActiveCfg = Release|x64
		{7E03B592-2400-4436-B343-2A1F88FF8327}.Debug QC|Win32.ActiveCfg = Debug QC|Win32
		{7E03B592-2400-4436-B343-2A1F88FF8327}.Debug QC|Win32.Build.0 = Debug QC|Win32
		{7E03B592-2400-4436-B343-2A1F88FF8327}.Debug QC|x64.ActiveCfg = Debug QC|x64
		{7E03B592-2400-4436-B343-2A1F88FF8327}.Debug QC|x64.Build.0 = Debug QC|x64
		{7E03B592-2400-4436-B343-2A1F88FF8327}.Debug|Win32.ActiveCfg = Debug|Win32
		{7E03B592-2400-4436-B343-2A1F88FF8327}.Debug|Win32.Build.0 = Debug|Win32
		{7E03B592-2400-4436-B343-2A1F88FF8327}.Debug|x64.ActiveCfg = Debug|x64
		{7E03B592-2400-4436-B343-2A1F88FF8327}.Debug|x64.Build.0 = Debug|x64
		{7E03B592-2400-4436-B343-2A1F88FF8327}.Release QC|Win32.ActiveCfg = Release QC|Win32
		{7E03B592-2400-4436-B343-2A1F88FF8327}.Release QC|Win32.Build.0 = Release QC|Win32
		{7E03B592-2400-4436-B343-2A1F88FF8327}.Release QC|x64.ActiveCfg = Release QC|x64
		{7E03B592-2400-4436-B343-2A1F88FF8327}.Release QC|x64.Build.0 = Release QC|x64
		{7E03B592-2400-4436-B343-2A1F88FF8327}.Release|Win32.ActiveCfg = Release|Win32
		{7E03B592-2400-4436-B343-2A1F88FF8327}.Release|Win32.Build.0 = Release|Win32
		{7E03B592-2400-4436-B343-2A1F88FF8327}.Release|x64.ActiveCfg = Release|x64
		{7E03B592-2400-4436-B343-2A1F88FF8327}.Release|x64.Build.0 = Release|x64
		{125AF0D7-3E5A-4557-9BF5-F4FBDFFACB1C}.Debug QC|Win32.ActiveCfg = Debug QC|Win32
		{125AF0D7-3E5A-4557-9BF5-F4FBDFFACB1C}.Debug QC|Win32.Build.0 = Debug QC|Win32
		{125AF0D7-3E5A-4557-9BF5-F4FBDFFACB1C}.Debug QC|x64.ActiveCfg = Debug QC|x64
		{125AF0D7-3E5A-4557-9BF5-F4FBDFFACB1C}.Debug QC|x64.Build.0 = Debug QC|x64
		{125AF0D7-3E5A-4557-9BF5-F4FBDFFACB1C}.Debug|Win32.ActiveCfg = Debug|Win32
		{125AF0D7-3E5A-4557-9BF5-F4FBDFFACB1C}.Debug|Win32.Build.0 = Debug|Win32
		{125AF0D7-3E5A-4557-9BF5-F4FBDFFACB1C}.Debug|x64.ActiveCfg = Debug|x64
		{125AF0D7-3E5A-4557-9BF5-F4FBDFFACB1C}.Debug|x64.Build.0 = Debug|x64
		{125AF0D7-3E5A-4557-9BF5-F4FBDFFACB1C}.Release QC|Win32.ActiveCfg = Release QC|Win32
		{125AF0D7-3E5A-4557-9BF5-F4FBDFFACB1C}.Release QC|Win32.Build.0 = Release QC|Win32
		{125AF0D7-3E5A-4557-9BF5-F4FBDFFACB1C}.Release QC|x64.ActiveCfg = Release QC|x64
		{125AF0D7-3E5A-4557-9BF5-F4FBDFFACB1C}.Release QC|x64.Build.0 = Release QC|x64
		{125AF0D7-3E5A-4557-9BF5-F4FBDFFACB1C}.Release|Win32.ActiveCfg = Release|Win32
		{125AF0D7-3E5A-4557-9BF5-F4FBDFFACB1C}.Release|Win32.Build.0 = Release|Win32
		{125AF0D7-3E5A-4557-9BF5-F4FBDFFACB1C}.Release|x64.ActiveCfg = Release|x64
		{125AF0D7-3E5A-4557-9BF5-F4FBDFFACB1C}.Release|x64.Build.0 = Release|x64
		{1124452F-5852-46DF-8C95-219E37CC5F23}.Debug QC|Win32.ActiveCfg = Debug QC|Win32
		{1124452F-5852-46DF-8C95-219E37CC5F23}.Debug QC|Win32.Build.0 = Debug QC|Win32
		{1124452F-5852-46DF-8C95-219E37CC5F23}.Debug QC|x64.ActiveCfg = Debug QC|x64
		{1124452F-5852-46DF-8C95-219E37CC5F23}.Debug QC|x64.Build.0 = Debug QC|x64
		{1124452F-5852-46DF-8C95-219E37CC5F23}.Debug|Win32.ActiveCfg = Debug|Win32
		{1124452F-5852-46DF-8C95-219E37CC5F23}.Debug|Win32.Build.0 = Debug|Win32
		{1124452F-5852-46DF-8C95-219E37CC5F23}.Debug|x64.ActiveCfg = Debug|x64
		{1124452F-5852-46DF-8C95-219E37CC5F23}.Debug|x64.Build.0 = Debug|x64
		{1124452F-5852-46DF-8C95-219E37CC5F23}.Release QC|Win32.ActiveCfg = Release QC|Win32
		{1124452F-5852-46DF-8C95-219E37CC5F23}.Release QC|Win32.Build.0 = Release QC|Win32
		{1124452F-5852-46DF-8C95-219E37CC5F23}.Release QC|x64.ActiveCfg = Release QC|x64
		{1124452F-5852-46DF-8C95-219E37CC5F23}.Release QC|x64.Build.0 = Release QC|x64
		{1124452F-5852-46DF-8C95-219E37CC5F23}.Release|Win32.ActiveCfg = Release|Win32
		{1124452F-5852-46DF-8C95-219E37CC5F23}.Release|Win32.Build.0 = Release|Win32
		{1124452F-5852-46DF-8C95-219E37CC5F23}.Release|x64.ActiveCfg = Release|x64
		{1124452F-5852-46DF-8C95-219E37CC5F23}.Release|x64.Build.0 = Release|x64
		{98384480-62DE-479A-A99F-23A4B835A848}.Debug QC|Win32.ActiveCfg = Debug QC|Win32
		{98384480-62DE-479A-A99F-23A4B835A848}.Debug QC|Win32.Build.0 = Debug QC|Win32
		{98384480-62DE-479A-A99F-23A4B835A848}.Debug QC|x64.ActiveCfg = Debug QC|x64
		{98384480-62DE-479A-A99F-23A4B835A848}.Debug QC|x64.Build.0 = Debug QC|x64
		{98384480-62DE-479A-A99F-23A4B835A848}.Debug|Win32.ActiveCfg = Debug|Win32
		{98384480-62DE-479A-A99F-23A4B835A848}.Debug|Win32.Build.0 = Debug|Win32
		{98384480-62DE-479A-A99F-23A4B835A848}.Debug|x64.ActiveCfg = Debug|x64
		{98384480-62DE-479A-A99F-23A4B835A848}.Debug|x64.Build.0 = Debug|x64
		{98384480-62DE-479A-A99F-23A4B835A848}.Release QC|Win32.ActiveCfg = Release QC|Win32
		{98384480-62DE-479A-A99F-23A4B835A848}.Release QC|Win32.Build.0 = Release QC|Win32
		{98384480-62DE-479A-A99F-23A4B835A848}.Release QC|x64.ActiveCfg = Release QC|x64
		{98384480-62DE-479A-A99F-23A4B835A848}.Release QC|x64.Build.0 = Release QC|x64
		{98384480-62DE-479A-A99F-23A4B835A848}.Release|Win32.ActiveCfg = Release|Win32
		{98384480-62DE-479A-A99F-23A4B835A848}.Release|Win32.Build.0 = Release|Win32
		{98384480-62DE-479A-A99F-23A4B835A848}.Release|x64.ActiveCfg = Release|x64
		{98384480-62DE-479A-A99F-23A4B835A848}.Release|x64.Build.0 = Release|x64
		{5CBFE6D3-1142-4E88-B628-BF162D3C9061}.Debug QC|Win32.ActiveCfg = Debug QC|Win32
		{5CBFE6D3-1142-4E88-B628-BF162D3C9061}.Debug QC|Win32.Build.0 = Debug QC|Win32
		{5CBFE6D3-1142-4E88-B628-BF162D3C9061}.Debug QC|x64.ActiveCfg = Debug QC|x64
		{5CBFE6D3-1142-4E88-B628-BF162D3C9061}.Debug QC|x64.Build.0 = Debug QC|x64
		{5CBFE6D3-1142-4E88-B628-BF162D3C9061}.Debug|Win32.ActiveCfg = Debug|Win32
		{5CBFE6D3-1142-4E88-B628-BF162D3C9061}.Debug|Win32.Build.0 = Debug|Win32
		{5CBFE6D3-1142-4E88-B628-BF162D3C9061}.Debug|x64.ActiveCfg = Debug|x64
		{5CBFE6D3-1142-4E88-B628-BF162D3C9061}.Debug|x64.Build.0 = Debug|x64
		{5CBFE6D3-1142-4E88-B628-BF162D3C9061}.Release QC|Win32.ActiveCfg = Release QC|Win32
		{5CBFE6D3-1142-4E88-B628-BF162D3C9061}.Release QC|Win32.Build.0 = Release QC|Win32
		{5CBFE6D3-1142-4E88-B628-BF162D3C9061}.Release QC|x64.ActiveCfg = Release QC|x64
		{5CBFE6D3-1142-4E88-B628-BF162D3C9061}.Release QC|x64.Build.0 = Release QC|x64
		{5CBFE6D3-1142-4E88-B628-BF162D3C9061}.Release|Win32.ActiveCfg = Release|Win32
		{5CBFE6D3-1142-4E88-B628-BF162D3C9061}.Release|Win32.Build.0 = Release|Win32
		{5CBFE6D3-1142-4E88-B628-BF162D3C9061}.Release|x64.ActiveCfg = Release|x64
		{5CBFE6D3-1142-4E88-B628-BF162D3C9061}.Release|x64.Build.0 = Release|x64
		{191A1D33-ADF9-4B92-8DE5-963392300D9F}.Debug QC|Win32.ActiveCfg = Debug QC|Win32
		{191A1D33-ADF9-4B92-8DE5-963392300D9F}.Debug QC|Win32.Build.0 = Debug QC|Win32
		{191A1D33-ADF9-4B92-8DE5-963392300D9F}.Debug QC|x64.ActiveCfg = Debug QC|x64
		{191A1D33-ADF9-4B92-8DE5-963392300D9F}.Debug QC|x64.Build.0 = Debug QC|x64
		{191A1D33-ADF9-4B92-8DE5-963392300D9F}.Debug|Win32.ActiveCfg = Debug|Win32
		{191A1D33-ADF9-4B92-8DE5-963392300D9F}.Debug|Win32.Build.0 = Debug|Win32
		{191A1D33-ADF9-4B92-8DE5-963392300D9F}.Debug|x64.ActiveCfg = Debug|x64
		{191A1D33-ADF9-4B92-8DE5-963392300D9F}.Debug|x64.Build.0 = Debug|x64
		{191A1D33-ADF9-4B92-8DE5-963392300D9F}.Release QC|Win32.ActiveCfg = Release QC|Win32
		{191A1D33-ADF9-4B92-8DE5-963392300D9F}.Release QC|Win32.Build.0 = Release QC|Win32
		{191A1D33-ADF9-4B92-8DE5-963392300D9F}.Release QC|x64.ActiveCfg = Release QC|x64
		{191A1D33-ADF9-4B92-8DE5-963392300D9F}.Release QC|x64.Build.0 = Release QC|x64
		{191A1D33-ADF9-4B92-8DE5-963392300D9F}.Release|Win32.ActiveCfg = Release|Win32
		{191A1D33-ADF9-4B92-8DE5-963392300D9F}.Release|Win32.Build.0 = Release|Win32
		{191A1D33-ADF9-4B92-8DE5-963392300D9F}.Release|x64.ActiveCfg = Release|x64
		{191A1D33-ADF9-4B92-8DE5-963392300D9F}.Release|x64.Build.0 = Release|x64
		{44EBDDDF-E852-4E26-978B-D768FCCD3C7C}.Debug QC|Win32.ActiveCfg = Debug QC|Win32
		{44EBDDDF-E852-4E26-978B-D768FCCD3C7C}.Debug QC|Win32.Build.0 = Debug QC|Win32
		{44EBDDDF-E852-4E26-978B-D768FCCD3C7C}.Debug QC|x64.ActiveCfg = Debug QC|x64
		{44EBDDDF-E852-4E26-978B-D768FCCD3C7C}.Debug QC|x64.Build.0 = Debug QC|x64
		{44EBDDDF-E852-4E26-978B-D768FCCD3C7C}.Debug|Win32.ActiveCfg = Debug|Win32
		{44EBDDDF-E852-4E26-978B-D768FCCD3C7C}.Debug|x64.ActiveCfg = Debug|x64
		{44EBDDDF-E852-4E26-978B-D768FCCD3C7C}.Release QC|Win32.ActiveCfg = Release QC|Win32
		{44EBDDDF-E852-4E26-978B-D768FCCD3C7C}.Release QC|Win32.Build.0 = Release QC|Win32
		{44EBDDDF-E852-4E26-978B-D768FCCD3C7C}.Release QC|x64.ActiveCfg = Release QC|x64
		{44EBDDDF-E852-4E26-978B-D768FCCD3C7C}.Release QC|x64.Build.0 = Release QC|x64
		{44EBDDDF-E852-4E26-978B-D768FCCD3C7C}.Release|Win32.ActiveCfg = Release|Win32
		{44EBDDDF-E852-4E26-978B-D768FCCD3C7C}.Release|x64.ActiveCfg = Release|x64
		{96A3F3D4-AF5A-4C5D-9CD4-093691D35B1C}.Debug QC|Win32.ActiveCfg = Debug QC|Win32
		{96A3F3D4-AF5A-4C5D-9CD4-093691D35B1C}.Debug QC|Win32.Build.0 = Debug QC|Win32
		{96A3F3D4-AF5A-4C5D-9CD4-093691D35B1C}.Debug QC|x64.ActiveCfg = Debug QC|x64
		{96A3F3D4-AF5A-4C5D-9CD4-093691D35B1C}.Debug QC|x64.Build.0 = Debug QC|x64
		{96A3F3D4-AF5A-4C5D-9CD4-093691D35B1C}.Debug|Win32.ActiveCfg = Debug|Win32
		{96A3F3D4-AF5A-4C5D-9CD4-093691D35B1C}.Debug|Win32.Build.0 = Debug|Win32
		{96A3F3D4-AF5A-4C5D-9CD4-093691D35B1C}.Debug|x64.ActiveCfg = Debug|x64
		{96A3F3D4-AF5A-4C5D-9CD4-093691D35B1C}.Debug|x64.Build.0 = Debug|x64
		{96A3F3D4-AF5A-4C5D-9CD4-093691D35B1C}.Release QC|Win32.ActiveCfg = Release QC|Win32
		{96A3F3D4-AF5A-4C5D-9CD4-093691D35B1C}.Release QC|Win32.Build.0 = Release QC|Win32
		{96A3F3D4-AF5A-4C5D-9CD4-093691D35B1C}.Release QC|x64.ActiveCfg = Release QC|x64
		{96A3F3D4-AF5A-4C5D-9CD4-093691D35B1C}.Release QC|x64.Build.0 = Release QC|x64
		{96A3F3D4-AF5A-4C5D-9CD4-093691D35B1C}.Release|Win32.ActiveCfg = Release|Win32
		{96A3F3D4-AF5A-4C5D-9CD4-093691D35B1C}.Release|Win32.Build.0 = Release|Win32
		{96A3F3D4-AF5A-4C5D-9CD4-093691D35B1C}.Release|x64.ActiveCfg = Release|x64
		{96A3F3D4-AF5A-4C5D-9CD4-093691D35B1C}.Release|x64.Build.0 = Release|x64
	EndGlobalSection
	GlobalSection(SolutionProperties) = preSolution
		HideSolutionNode = FALSE
	EndGlobalSection
	GlobalSection(NestedProjects) = preSolution
		{38E39CA2-35F5-406A-986A-33663F46CB18} = {E408AAFA-5357-45CF-9D3D-4BB42A56F63E}
		{2CFFB539-8BE8-4C54-B32A-8E0CC9A57C0B} = {E408AAFA-5357-45CF-9D3D-4BB42A56F63E}
		{0F8F6670-E22A-4BFB-9455-6D733B62D3C9} = {085F085A-F36E-4EE9-9416-A0B019C06AFF}
		{77344696-7093-4B68-9ECE-4EA2E32C1A4A} = {085F085A-F36E-4EE9-9416-A0B019C06AFF}
		{7E03B592-2400-4436-B343-2A1F88FF8327} = {60C8161F-ED86-4FEF-BDAF-748BED7C62A3}
		{125AF0D7-3E5A-4557-9BF5-F4FBDFFACB1C} = {60C8161F-ED86-4FEF-BDAF-748BED7C62A3}
		{1124452F-5852-46DF-8C95-219E37CC5F23} = {60C8161F-ED86-4FEF-BDAF-748BED7C62A3}
		{98384480-62DE-479A-A99F-23A4B835A848} = {60C8161F-ED86-4FEF-BDAF-748BED7C62A3}
		{5CBFE6D3-1142-4E88-B628-BF162D3C9061} = {60C8161F-ED86-4FEF-BDAF-748BED7C62A3}
		{191A1D33-ADF9-4B92-8DE5-963392300D9F} = {6243E0F1-9B62-4E6E-9FE8-50383526AAD5}
		{44EBDDDF-E852-4E26-978B-D768FCCD3C7C} = {6243E0F1-9B62-4E6E-9FE8-50383526AAD5}
		{96A3F3D4-AF5A-4C5D-9CD4-093691D35B1C} = {2DD18D12-27B0-4F78-A8BB-BAA9E60DA346}
	EndGlobalSection
	GlobalSection(ExtensibilityGlobals) = postSolution
		SolutionGuid = {89A3FD95-52E2-4617-BCF0-9E134C3E46C5}
	EndGlobalSection
EndGlobal
