
Microsoft Visual Studio Solution File, Format Version 12.00
# Visual Studio Version 17
VisualStudioVersion = 17.8.34316.72
MinimumVisualStudioVersion = 10.0.40219.1
Project("{8BC9CEB8-8B4A-11D0-8D11-00A0C91BC942}") = "cgame", "cgame.vcxproj", "{38E39CA2-35F5-406A-986A-33663F46CB18}"
EndProject
Project("{8BC9CEB8-8B4A-11D0-8D11-00A0C91BC942}") = "cgame.qc", "cgame.qc.vcxproj", "{2CFFB539-8BE8-4C54-B32A-8E0CC9A57C0B}"
EndProject
Project("{8BC9CEB8-8B4A-11D0-8D11-00A0C91BC942}") = "game", "game.vcxproj", "{0F8F6670-E22A-4BFB-9455-6D733B62D3C9}"
EndProject
Project("{8BC9CEB8-8B4A-11D0-8D11-00A0C91BC942}") = "game.qc", "game.qc.vcxproj", "{77344696-7093-4B68-9ECE-4EA2E32C1A4A}"
EndProject
Project("{2150E333-8FDC-42A3-9474-1A3956D46DE8}") = "game", "game", "{085F085A-F36E-4EE9-9416-A0B019C06AFF}"
EndProject
Project("{2150E333-8FDC-42A3-9474-1A3956D46DE8}") = "client", "client", "{2DD18D12-27B0-4F78-A8BB-BAA9E60DA346}"
EndProject
Project("{2150E333-8FDC-42A3-9474-1A3956D46DE8}") = "tools", "tools", "{60C8161F-ED86-4FEF-BDAF-748BED7C62A3}"
EndProject
Global
	GlobalSection(SolutionConfigurationPlatforms) = preSolution
		Debug QC|Win32 = Debug QC|Win32
		Debug QC|x64 = Debug QC|x64
		Debug|Win32 = Debug|Win32
		Debug|x64 = Debug|x64
		Release QC|Win32 = Release QC|Win32
		Release QC|x64 = Release QC|x64
		Release|Win32 = Release|Win32
		Release|x64 = Release|x64
	EndGlobalSection
	GlobalSection(ProjectConfigurationPlatforms) = postSolution
		{38E39CA2-35F5-406A-986A-33663F46CB18}.Debug QC|Win32.ActiveCfg = Debug QC|Win32
		{38E39CA2-35F5-406A-986A-33663F46CB18}.Debug QC|Win32.Build.0 = Debug QC|Win32
		{38E39CA2-35F5-406A-986A-33663F46CB18}.Debug QC|x64.ActiveCfg = Debug QC|x64
		{38E39CA2-35F5-406A-986A-33663F46CB18}.Debug QC|x64.Build.0 = Debug QC|x64
		{38E39CA2-35F5-406A-986A-33663F46CB18}.Debug|Win32.ActiveCfg = Debug|Win32
		{38E39CA2-35F5-406A-986A-33663F46CB18}.Debug|Win32.Build.0 = Debug|Win32
		{38E39CA2-35F5-406A-986A-33663F46CB18}.Debug|x64.ActiveCfg = Debug|x64
		{38E39CA2-35F5-406A-986A-33663F46CB18}.Debug|x64.Build.0 = Debug|x64
		{38E39CA2-35F5-406A-986A-33663F46CB18}.Release QC|Win32.ActiveCfg = Release QC|Win32
		{38E39CA2-35F5-406A-986A-33663F46CB18}.Release QC|Win32.Build.0 = Release QC|Win32
		{38E39CA2-35F5-406A-986A-33663F46CB18}.Release QC|x64.ActiveCfg = Release QC|x64
		{38E39CA2-35F5-406A-986A-33663F46CB18}.Release QC|x64.Build.0 = Release QC|x64
		{38E39CA2-35F5-406A-986A-33663F46CB18}.Release|Win32.ActiveCfg = Release|Win32
		{38E39CA2-35F5-406A-986A-33663F46CB18}.Release|Win32.Build.0 = Release|Win32
		{38E39CA2-35F5-406A-986A-33663F46CB18}.Release|x64.ActiveCfg = Release|x64
		{38E39CA2-35F5-406A-986A-33663F46CB18}.Release|x64.Build.0 = Release|x64
		{2CFFB539-8BE8-4C54-B32A-8E0CC9A57C0B}.Debug QC|Win32.ActiveCfg = Debug QC|Win32
		{2CFFB539-8BE8-4C54-B32A-8E0CC9A57C0B}.Debug QC|Win32.Build.0 = Debug QC|Win32
		{2CFFB539-8BE8-4C54-B32A-8E0CC9A57C0B}.Debug QC|x64.ActiveCfg = Debug QC|x64
		{2CFFB539-8BE8-4C54-B32A-8E0CC9A57C0B}.Debug QC|x64.Build.0 = Debug QC|x64
		{2CFFB539-8BE8-4C54-B32A-8E0CC9A57C0B}.Debug|Win32.ActiveCfg = Debug|Win32
		{2CFFB539-8BE8-4C54-B32A-8E0CC9A57C0B}.Debug|Win32.Build.0 = Debug|Win32
		{2CFFB539-8BE8-4C54-B32A-8E0CC9A57C0B}.Debug|x64.ActiveCfg = Debug|x64
		{2CFFB539-8BE8-4C54-B32A-8E0CC9A57C0B}.Release QC|Win32.ActiveCfg = Release QC|Win32
		{2CFFB539-8BE8-4C54-B32A-8E0CC9A57C0B}.Release QC|Win32.Build.0 = Release QC|Win32
		{2CFFB539-8BE8-4C54-B32A-8E0CC9A57C0B}.Release QC|x64.ActiveCfg = Release QC|x64
		{2CFFB539-8BE8-4C54-B32A-8E0CC9A57C0B}.Release QC|x64.Build.0 = Release QC|x64
		{2CFFB539-8BE8-4C54-B32A-8E0CC9A57C0B}.Release|Win32.ActiveCfg = Release|Win32
		{2CFFB539-8BE8-4C54-B32A-8E0CC9A57C0B}.Release|Win32.Build.0 = Release|Win32
		{2CFFB539-8BE8-4C54-B32A-8E0CC9A57C0B}.Release|x64.ActiveCfg = Release|x64
		{0F8F6670-E22A-4BFB-9455-6D733B62D3C9}.Debug QC|Win32.ActiveCfg = Debug QC|Win32
		{0F8F6670-E22A-4BFB-9455-6D733B62D3C9}.Debug QC|Win32.Build.0 = Debug QC|Win32
		{0F8F6670-E22A-4BFB-9455-6D733B62D3C9}.Debug QC|x64.ActiveCfg = Debug QC|x64
		{0F8F6670-E22A-4BFB-9455-6D733B62D3C9}.Debug QC|x64.Build.0 = Debug QC|x64
		{0F8F6670-E22A-4BFB-9455-6D733B62D3C9}.Debug|Win32.ActiveCfg = Debug|Win32
		{0F8F6670-E22A-4BFB-9455-6D733B62D3C9}.Debug|Win32.Build.0 = Debug|Win32
		{0F8F6670-E22A-4BFB-9455-6D733B62D3C9}.Debug|x64.ActiveCfg = Debug|x64
		{0F8F6670-E22A-4BFB-9455-6D733B62D3C9}.Debug|x64.Build.0 = Debug|x64
		{0F8F6670-E22A-4BFB-9455-6D733B62D3C9}.Release QC|Win32.ActiveCfg = Release QC|Win32
		{0F8F6670-E22A-4BFB-9455-6D733B62D3C9}.Release QC|Win32.Build.0 = Release QC|Win32
		{0F8F6670-E22A-4BFB-9455-6D733B62D3C9}.Release QC|x64.ActiveCfg = Release QC|x64
		{0F8F6670-E22A-4BFB-9455-6D733B62D3C9}.Release QC|x64.Build.0 = Release QC|x64
		{0F8F6670-E22A-4BFB-9455-6D733B62D3C9}.Release|Win32.ActiveCfg = Release|Win32
		{0F8F6670-E22A-4BFB-9455-6D733B62D3C9}.Release|Win32.Build.0 = Release|Win32
		{0F8F6670-E22A-4BFB-9455-6D733B62D3C9}.Release|x64.ActiveCfg = Release|x64
		{0F8F6670-E22A-4BFB-9455-6D733B62D3C9}.Release|x64.Build.0 = Release|x64
		{77344696-7093-4B68-9ECE-4EA2E32C1A4A}.Debug QC|Win32.ActiveCfg = Debug QC|Win32
		{77344696-7093-4B68-9ECE-4EA2E32C1A4A}.Debug QC|Win32.Build.0 = Debug QC|Win32
		{77344696-7093-4B68-9ECE-4EA2E32C1A4A}.Debug QC|x64.ActiveCfg = Debug QC|x64
		{77344696-7093-4B68-9ECE-4EA2E32C1A4A}.Debug QC|x64.Build.0 = Debug QC|x64
		{77344696-7093-4B68-9ECE-4EA2E32C1A4A}.Debug|Win32.ActiveCfg = Debug|Win32
		{77344696-7093-4B68-9ECE-4EA2E32C1A4A}.Debug|Win32.Build.0 = Debug|Win32
		{77344696-7093-4B68-9ECE-4EA2E32C1A4A}.Debug|x64.ActiveCfg = Debug|x64
		{77344696-7093-4B68-9ECE-4EA2E32C1A4A}.Debug|x64.Build.0 = Debug|x64
		{77344696-7093-4B68-9ECE-4EA2E32C1A4A}.Release QC|Win32.ActiveCfg = Release QC|Win32
		{77344696-7093-4B68-9ECE-4EA2E32C1A4A}.Release QC|Win32.Build.0 = Release QC|Win32
		{77344696-7093-4B68-9ECE-4EA2E32C1A4A}.Release QC|x64.ActiveCfg = Release QC|x64
		{77344696-7093-4B68-9ECE-4EA2E32C1A4A}.Release QC|x64.Build.0 = Release QC|x64
		{77344696-7093-4B68-9ECE-4EA2E32C1A4A}.Release|Win32.ActiveCfg = Release|Win32
		{77344696-7093-4B68-9ECE-4EA2E32C1A4A}.Release|Win32.Build.0 = Release|Win32
		{77344696-7093-4B68-9ECE-4EA2E32C1A4A}.Release|x64.ActiveCfg = Release|x64
		{77344696-7093-4B68-9ECE-4EA2E32C1A4A}.Release|x64.Build.0 = Release|x64
	EndGlobalSection
	GlobalSection(SolutionProperties) = preSolution
		HideSolutionNode = FALSE
	EndGlobalSection
	GlobalSection(NestedProjects) = preSolution
		{38E39CA2-35F5-406A-986A-33663F46CB18} = {085F085A-F36E-4EE9-9416-A0B019C06AFF}
		{2CFFB539-8BE8-4C54-B32A-8E0CC9A57C0B} = {085F085A-F36E-4EE9-9416-A0B019C06AFF}
		{0F8F6670-E22A-4BFB-9455-6D733B62D3C9} = {085F085A-F36E-4EE9-9416-A0B019C06AFF}
		{77344696-7093-4B68-9ECE-4EA2E32C1A4A} = {085F085A-F36E-4EE9-9416-A0B019C06AFF}
	EndGlobalSection
	GlobalSection(ExtensibilityGlobals) = postSolution
		SolutionGuid = {89A3FD95-52E2-4617-BCF0-9E134C3E46C5}
	EndGlobalSection
EndGlobal
