
Microsoft Visual Studio Solution File, Format Version 12.00
# Visual Studio Version 17
VisualStudioVersion = 17.8.34316.72
MinimumVisualStudioVersion = 10.0.40219.1
Project("{8BC9CEB8-8B4A-11D0-8D11-00A0C91BC942}") = "cgame", "cgame.vcxproj", "{38E39CA2-35F5-406A-986A-33663F46CB18}"
EndProject
Project("{8BC9CEB8-8B4A-11D0-8D11-00A0C91BC942}") = "cgame.qc", "cgame.qc.vcxproj", "{2CFFB539-8BE8-4C54-B32A-8E0CC9A57C0B}"
EndProject
Project("{8BC9CEB8-8B4A-11D0-8D11-00A0C91BC942}") = "qagame", "qagame.vcxproj", "{0F8F6670-E22A-4BFB-9455-6D733B62D3C9}"
EndProject
Project("{8BC9CEB8-8B4A-11D0-8D11-00A0C91BC942}") = "qagame.qc", "qagame.qc.vcxproj", "{77344696-7093-4B68-9ECE-4EA2E32C1A4A}"
EndProject
Project("{2150E333-8FDC-42A3-9474-1A3956D46DE8}") = "engine", "engine", "{2DD18D12-27B0-4F78-A8BB-BAA9E60DA346}"
EndProject
Project("{2150E333-8FDC-42A3-9474-1A3956D46DE8}") = "tools", "tools", "{60C8161F-ED86-4FEF-BDAF-748BED7C62A3}"
EndProject
Project("{8BC9CEB8-8B4A-11D0-8D11-00A0C91BC942}") = "q3asm", "q3asm.vcxproj", "{7E03B592-2400-4436-B343-2A1F88FF8327}"
EndProject
Project("{8BC9CEB8-8B4A-11D0-8D11-00A0C91BC942}") = "q3lcc", "q3lcc.vcxproj", "{125AF0D7-3E5A-4557-9BF5-F4FBDFFACB1C}"
EndProject
Project("{8BC9CEB8-8B4A-11D0-8D11-00A0C91BC942}") = "q3rcc", "q3rcc.vcxproj", "{1124452F-5852-46DF-8C95-219E37CC5F23}"
EndProject
Project("{8BC9CEB8-8B4A-11D0-8D11-00A0C91BC942}") = "lburg", "lburg.vcxproj", "{98384480-62DE-479A-A99F-23A4B835A848}"
EndProject
Project("{8BC9CEB8-8B4A-11D0-8D11-00A0C91BC942}") = "q3cpp", "q3cpp.vcxproj", "{5CBFE6D3-1142-4E88-B628-BF162D3C9061}"
EndProject
Project("{8BC9CEB8-8B4A-11D0-8D11-00A0C91BC942}") = "ui", "ui.vcxproj", "{191A1D33-ADF9-4B92-8DE5-963392300D9F}"
EndProject
Project("{8BC9CEB8-8B4A-11D0-8D11-00A0C91BC942}") = "ui.qc", "ui.qc.vcxproj", "{44EBDDDF-E852-4E26-978B-D768FCCD3C7C}"
EndProject
Project("{8BC9CEB8-8B4A-11D0-8D11-00A0C91BC942}") = "libjpeg-turbo", "libjpeg-turbo.vcxproj", "{96A3F3D4-AF5A-4C5D-9CD4-093691D35B1C}"
EndProject
Project("{8BC9CEB8-8B4A-11D0-8D11-00A0C91BC942}") = "renderer", "renderer.vcxproj", "{F6DF9617-1655-4F97-BD2A-DB7D16707905}"
EndProject
Project("{8BC9CEB8-8B4A-11D0-8D11-00A0C91BC942}") = "server", "server.vcxproj", "{B19D02DC-13DE-405C-A30A-3035DA280233}"
EndProject
Project("{8BC9CEB8-8B4A-11D0-8D11-00A0C91BC942}") = "botlib", "botlib.vcxproj", "{E4934D28-D339-4A97-93FA-8E69495B7FA1}"
EndProject
Project("{8BC9CEB8-8B4A-11D0-8D11-00A0C91BC942}") = "client", "client.vcxproj", "{C9BA6D30-AF2A-4145-A6ED-67D82C3F7299}"
	ProjectSection(ProjectDependencies) = postProject
		{2046331E-A7DA-43CE-A9AF-BF63BB4AFAEA} = {2046331E-A7DA-43CE-A9AF-BF63BB4AFAEA}
	EndProjectSection
EndProject
Project("{2150E333-8FDC-42A3-9474-1A3956D46DE8}") = "prog", "prog", "{9D9B5D95-0E40-4AF0-8101-365D63B4ADCC}"
EndProject
Project("{8BC9CEB8-8B4A-11D0-8D11-00A0C91BC942}") = "shadercomp", "shadercomp.vcxproj", "{2046331E-A7DA-43CE-A9AF-BF63BB4AFAEA}"
EndProject
Project("{8BC9CEB8-8B4A-11D0-8D11-00A0C91BC942}") = "qcui", "qcui.vcxproj", "{8F5D33DD-82DA-4CCA-A1C6-8DF98FEDA96F}"
EndProject
Project("{2150E333-8FDC-42A3-9474-1A3956D46DE8}") = "qcui", "qcui", "{A4C4541C-5631-4D56-A0CA-E4A8D6DAD031}"
EndProject
Project("{8BC9CEB8-8B4A-11D0-8D11-00A0C91BC942}") = "freetype", "freetype.vcxproj", "{F001B5C2-FBAE-4272-BD55-25AF6D9073CA}"
EndProject
Project("{8BC9CEB8-8B4A-11D0-8D11-00A0C91BC942}") = "lua", "lua.vcxproj", "{43324650-20B6-4A30-AE8D-EAF51D36838B}"
EndProject
Project("{8BC9CEB8-8B4A-11D0-8D11-00A0C91BC942}") = "RmlUi", "RmlUi.vcxproj", "{22E9DE0F-3A2F-44C4-908C-6DC46BE6E90F}"
EndProject
Global
	GlobalSection(SolutionConfigurationPlatforms) = preSolution
		Debug QC|x64 = Debug QC|x64
		Debug VQ3|x64 = Debug VQ3|x64
		DebugLinux QC|x64 = DebugLinux QC|x64
		DebugLinux VQ3|x64 = DebugLinux VQ3|x64
		Release QC|x64 = Release QC|x64
		Release VQ3|x64 = Release VQ3|x64
		ReleaseLinux QC|x64 = ReleaseLinux QC|x64
		ReleaseLinux VQ3|x64 = ReleaseLinux VQ3|x64
	EndGlobalSection
	GlobalSection(ProjectConfigurationPlatforms) = postSolution
		{38E39CA2-35F5-406A-986A-33663F46CB18}.Debug QC|x64.ActiveCfg = Debug QC|x64
		{38E39CA2-35F5-406A-986A-33663F46CB18}.Debug QC|x64.Build.0 = Debug QC|x64
		{38E39CA2-35F5-406A-986A-33663F46CB18}.Debug VQ3|x64.ActiveCfg = Debug VQ3|x64
		{38E39CA2-35F5-406A-986A-33663F46CB18}.Debug VQ3|x64.Build.0 = Debug VQ3|x64
		{38E39CA2-35F5-406A-986A-33663F46CB18}.DebugLinux QC|x64.ActiveCfg = DebugLinux QC|x64
		{38E39CA2-35F5-406A-986A-33663F46CB18}.DebugLinux QC|x64.Build.0 = DebugLinux QC|x64
		{38E39CA2-35F5-406A-986A-33663F46CB18}.DebugLinux VQ3|x64.ActiveCfg = DebugLinux VQ3|x64
		{38E39CA2-35F5-406A-986A-33663F46CB18}.DebugLinux VQ3|x64.Build.0 = DebugLinux VQ3|x64
		{38E39CA2-35F5-406A-986A-33663F46CB18}.Release QC|x64.ActiveCfg = Release QC|x64
		{38E39CA2-35F5-406A-986A-33663F46CB18}.Release QC|x64.Build.0 = Release QC|x64
		{38E39CA2-35F5-406A-986A-33663F46CB18}.Release VQ3|x64.ActiveCfg = Release VQ3|x64
		{38E39CA2-35F5-406A-986A-33663F46CB18}.Release VQ3|x64.Build.0 = Release VQ3|x64
		{38E39CA2-35F5-406A-986A-33663F46CB18}.ReleaseLinux QC|x64.ActiveCfg = ReleaseLinux QC|x64
		{38E39CA2-35F5-406A-986A-33663F46CB18}.ReleaseLinux QC|x64.Build.0 = ReleaseLinux QC|x64
		{38E39CA2-35F5-406A-986A-33663F46CB18}.ReleaseLinux VQ3|x64.ActiveCfg = ReleaseLinux VQ3|x64
		{38E39CA2-35F5-406A-986A-33663F46CB18}.ReleaseLinux VQ3|x64.Build.0 = ReleaseLinux VQ3|x64
		{2CFFB539-8BE8-4C54-B32A-8E0CC9A57C0B}.Debug QC|x64.ActiveCfg = Debug QC|x64
		{2CFFB539-8BE8-4C54-B32A-8E0CC9A57C0B}.Debug QC|x64.Build.0 = Debug QC|x64
		{2CFFB539-8BE8-4C54-B32A-8E0CC9A57C0B}.Debug VQ3|x64.ActiveCfg = Debug VQ3|x64
		{2CFFB539-8BE8-4C54-B32A-8E0CC9A57C0B}.DebugLinux QC|x64.ActiveCfg = DebugLinux QC|x64
		{2CFFB539-8BE8-4C54-B32A-8E0CC9A57C0B}.DebugLinux QC|x64.Build.0 = DebugLinux QC|x64
		{2CFFB539-8BE8-4C54-B32A-8E0CC9A57C0B}.DebugLinux VQ3|x64.ActiveCfg = DebugLinux VQ3|x64
		{2CFFB539-8BE8-4C54-B32A-8E0CC9A57C0B}.DebugLinux VQ3|x64.Build.0 = DebugLinux VQ3|x64
		{2CFFB539-8BE8-4C54-B32A-8E0CC9A57C0B}.DebugLinux VQ3|x64.Deploy.0 = DebugLinux VQ3|x64
		{2CFFB539-8BE8-4C54-B32A-8E0CC9A57C0B}.Release QC|x64.ActiveCfg = Release QC|x64
		{2CFFB539-8BE8-4C54-B32A-8E0CC9A57C0B}.Release QC|x64.Build.0 = Release QC|x64
		{2CFFB539-8BE8-4C54-B32A-8E0CC9A57C0B}.Release VQ3|x64.ActiveCfg = Release VQ3|x64
		{2CFFB539-8BE8-4C54-B32A-8E0CC9A57C0B}.ReleaseLinux QC|x64.ActiveCfg = ReleaseLinux QC|x64
		{2CFFB539-8BE8-4C54-B32A-8E0CC9A57C0B}.ReleaseLinux QC|x64.Build.0 = ReleaseLinux QC|x64
		{2CFFB539-8BE8-4C54-B32A-8E0CC9A57C0B}.ReleaseLinux VQ3|x64.ActiveCfg = ReleaseLinux VQ3|x64
		{2CFFB539-8BE8-4C54-B32A-8E0CC9A57C0B}.ReleaseLinux VQ3|x64.Build.0 = ReleaseLinux VQ3|x64
		{2CFFB539-8BE8-4C54-B32A-8E0CC9A57C0B}.ReleaseLinux VQ3|x64.Deploy.0 = ReleaseLinux VQ3|x64
		{0F8F6670-E22A-4BFB-9455-6D733B62D3C9}.Debug QC|x64.ActiveCfg = Debug QC|x64
		{0F8F6670-E22A-4BFB-9455-6D733B62D3C9}.Debug QC|x64.Build.0 = Debug QC|x64
		{0F8F6670-E22A-4BFB-9455-6D733B62D3C9}.Debug VQ3|x64.ActiveCfg = Debug VQ3|x64
		{0F8F6670-E22A-4BFB-9455-6D733B62D3C9}.Debug VQ3|x64.Build.0 = Debug VQ3|x64
		{0F8F6670-E22A-4BFB-9455-6D733B62D3C9}.DebugLinux QC|x64.ActiveCfg = DebugLinux QC|x64
		{0F8F6670-E22A-4BFB-9455-6D733B62D3C9}.DebugLinux QC|x64.Build.0 = DebugLinux QC|x64
		{0F8F6670-E22A-4BFB-9455-6D733B62D3C9}.DebugLinux VQ3|x64.ActiveCfg = DebugLinux VQ3|x64
		{0F8F6670-E22A-4BFB-9455-6D733B62D3C9}.DebugLinux VQ3|x64.Build.0 = DebugLinux VQ3|x64
		{0F8F6670-E22A-4BFB-9455-6D733B62D3C9}.Release QC|x64.ActiveCfg = Release QC|x64
		{0F8F6670-E22A-4BFB-9455-6D733B62D3C9}.Release QC|x64.Build.0 = Release QC|x64
		{0F8F6670-E22A-4BFB-9455-6D733B62D3C9}.Release VQ3|x64.ActiveCfg = Release VQ3|x64
		{0F8F6670-E22A-4BFB-9455-6D733B62D3C9}.Release VQ3|x64.Build.0 = Release VQ3|x64
		{0F8F6670-E22A-4BFB-9455-6D733B62D3C9}.ReleaseLinux QC|x64.ActiveCfg = ReleaseLinux QC|x64
		{0F8F6670-E22A-4BFB-9455-6D733B62D3C9}.ReleaseLinux QC|x64.Build.0 = ReleaseLinux QC|x64
		{0F8F6670-E22A-4BFB-9455-6D733B62D3C9}.ReleaseLinux VQ3|x64.ActiveCfg = ReleaseLinux VQ3|x64
		{0F8F6670-E22A-4BFB-9455-6D733B62D3C9}.ReleaseLinux VQ3|x64.Build.0 = ReleaseLinux VQ3|x64
		{77344696-7093-4B68-9ECE-4EA2E32C1A4A}.Debug QC|x64.ActiveCfg = Debug QC|x64
		{77344696-7093-4B68-9ECE-4EA2E32C1A4A}.Debug QC|x64.Build.0 = Debug QC|x64
		{77344696-7093-4B68-9ECE-4EA2E32C1A4A}.Debug VQ3|x64.ActiveCfg = Debug VQ3|x64
		{77344696-7093-4B68-9ECE-4EA2E32C1A4A}.DebugLinux QC|x64.ActiveCfg = DebugLinux QC|x64
		{77344696-7093-4B68-9ECE-4EA2E32C1A4A}.DebugLinux QC|x64.Build.0 = DebugLinux QC|x64
		{77344696-7093-4B68-9ECE-4EA2E32C1A4A}.DebugLinux VQ3|x64.ActiveCfg = DebugLinux VQ3|x64
		{77344696-7093-4B68-9ECE-4EA2E32C1A4A}.DebugLinux VQ3|x64.Build.0 = DebugLinux VQ3|x64
		{77344696-7093-4B68-9ECE-4EA2E32C1A4A}.DebugLinux VQ3|x64.Deploy.0 = DebugLinux VQ3|x64
		{77344696-7093-4B68-9ECE-4EA2E32C1A4A}.Release QC|x64.ActiveCfg = Release QC|x64
		{77344696-7093-4B68-9ECE-4EA2E32C1A4A}.Release QC|x64.Build.0 = Release QC|x64
		{77344696-7093-4B68-9ECE-4EA2E32C1A4A}.Release VQ3|x64.ActiveCfg = Release VQ3|x64
		{77344696-7093-4B68-9ECE-4EA2E32C1A4A}.ReleaseLinux QC|x64.ActiveCfg = ReleaseLinux QC|x64
		{77344696-7093-4B68-9ECE-4EA2E32C1A4A}.ReleaseLinux QC|x64.Build.0 = ReleaseLinux QC|x64
		{77344696-7093-4B68-9ECE-4EA2E32C1A4A}.ReleaseLinux VQ3|x64.ActiveCfg = ReleaseLinux VQ3|x64
		{77344696-7093-4B68-9ECE-4EA2E32C1A4A}.ReleaseLinux VQ3|x64.Build.0 = ReleaseLinux VQ3|x64
		{77344696-7093-4B68-9ECE-4EA2E32C1A4A}.ReleaseLinux VQ3|x64.Deploy.0 = ReleaseLinux VQ3|x64
		{7E03B592-2400-4436-B343-2A1F88FF8327}.Debug QC|x64.ActiveCfg = Debug QC|x64
		{7E03B592-2400-4436-B343-2A1F88FF8327}.Debug QC|x64.Build.0 = Debug QC|x64
		{7E03B592-2400-4436-B343-2A1F88FF8327}.Debug VQ3|x64.ActiveCfg = Debug VQ3|x64
		{7E03B592-2400-4436-B343-2A1F88FF8327}.Debug VQ3|x64.Build.0 = Debug VQ3|x64
		{7E03B592-2400-4436-B343-2A1F88FF8327}.DebugLinux QC|x64.ActiveCfg = Debug VQ3|x64
		{7E03B592-2400-4436-B343-2A1F88FF8327}.DebugLinux VQ3|x64.ActiveCfg = Debug VQ3|x64
		{7E03B592-2400-4436-B343-2A1F88FF8327}.DebugLinux VQ3|x64.Build.0 = Debug VQ3|x64
		{7E03B592-2400-4436-B343-2A1F88FF8327}.Release QC|x64.ActiveCfg = Release QC|x64
		{7E03B592-2400-4436-B343-2A1F88FF8327}.Release QC|x64.Build.0 = Release QC|x64
		{7E03B592-2400-4436-B343-2A1F88FF8327}.Release VQ3|x64.ActiveCfg = Release VQ3|x64
		{7E03B592-2400-4436-B343-2A1F88FF8327}.Release VQ3|x64.Build.0 = Release VQ3|x64
		{7E03B592-2400-4436-B343-2A1F88FF8327}.ReleaseLinux QC|x64.ActiveCfg = Release VQ3|x64
		{7E03B592-2400-4436-B343-2A1F88FF8327}.ReleaseLinux VQ3|x64.ActiveCfg = Release VQ3|x64
		{7E03B592-2400-4436-B343-2A1F88FF8327}.ReleaseLinux VQ3|x64.Build.0 = Release VQ3|x64
		{125AF0D7-3E5A-4557-9BF5-F4FBDFFACB1C}.Debug QC|x64.ActiveCfg = Debug QC|x64
		{125AF0D7-3E5A-4557-9BF5-F4FBDFFACB1C}.Debug QC|x64.Build.0 = Debug QC|x64
		{125AF0D7-3E5A-4557-9BF5-F4FBDFFACB1C}.Debug VQ3|x64.ActiveCfg = Debug VQ3|x64
		{125AF0D7-3E5A-4557-9BF5-F4FBDFFACB1C}.Debug VQ3|x64.Build.0 = Debug VQ3|x64
		{125AF0D7-3E5A-4557-9BF5-F4FBDFFACB1C}.DebugLinux QC|x64.ActiveCfg = Debug VQ3|x64
		{125AF0D7-3E5A-4557-9BF5-F4FBDFFACB1C}.DebugLinux VQ3|x64.ActiveCfg = Debug VQ3|x64
		{125AF0D7-3E5A-4557-9BF5-F4FBDFFACB1C}.DebugLinux VQ3|x64.Build.0 = Debug VQ3|x64
		{125AF0D7-3E5A-4557-9BF5-F4FBDFFACB1C}.Release QC|x64.ActiveCfg = Release QC|x64
		{125AF0D7-3E5A-4557-9BF5-F4FBDFFACB1C}.Release QC|x64.Build.0 = Release QC|x64
		{125AF0D7-3E5A-4557-9BF5-F4FBDFFACB1C}.Release VQ3|x64.ActiveCfg = Release VQ3|x64
		{125AF0D7-3E5A-4557-9BF5-F4FBDFFACB1C}.Release VQ3|x64.Build.0 = Release VQ3|x64
		{125AF0D7-3E5A-4557-9BF5-F4FBDFFACB1C}.ReleaseLinux QC|x64.ActiveCfg = Release VQ3|x64
		{125AF0D7-3E5A-4557-9BF5-F4FBDFFACB1C}.ReleaseLinux VQ3|x64.ActiveCfg = Release VQ3|x64
		{125AF0D7-3E5A-4557-9BF5-F4FBDFFACB1C}.ReleaseLinux VQ3|x64.Build.0 = Release VQ3|x64
		{1124452F-5852-46DF-8C95-219E37CC5F23}.Debug QC|x64.ActiveCfg = Debug QC|x64
		{1124452F-5852-46DF-8C95-219E37CC5F23}.Debug QC|x64.Build.0 = Debug QC|x64
		{1124452F-5852-46DF-8C95-219E37CC5F23}.Debug VQ3|x64.ActiveCfg = Debug VQ3|x64
		{1124452F-5852-46DF-8C95-219E37CC5F23}.Debug VQ3|x64.Build.0 = Debug VQ3|x64
		{1124452F-5852-46DF-8C95-219E37CC5F23}.DebugLinux QC|x64.ActiveCfg = Debug VQ3|x64
		{1124452F-5852-46DF-8C95-219E37CC5F23}.DebugLinux VQ3|x64.ActiveCfg = Debug VQ3|x64
		{1124452F-5852-46DF-8C95-219E37CC5F23}.DebugLinux VQ3|x64.Build.0 = Debug VQ3|x64
		{1124452F-5852-46DF-8C95-219E37CC5F23}.Release QC|x64.ActiveCfg = Release QC|x64
		{1124452F-5852-46DF-8C95-219E37CC5F23}.Release QC|x64.Build.0 = Release QC|x64
		{1124452F-5852-46DF-8C95-219E37CC5F23}.Release VQ3|x64.ActiveCfg = Release VQ3|x64
		{1124452F-5852-46DF-8C95-219E37CC5F23}.Release VQ3|x64.Build.0 = Release VQ3|x64
		{1124452F-5852-46DF-8C95-219E37CC5F23}.ReleaseLinux QC|x64.ActiveCfg = Release VQ3|x64
		{1124452F-5852-46DF-8C95-219E37CC5F23}.ReleaseLinux VQ3|x64.ActiveCfg = Release VQ3|x64
		{1124452F-5852-46DF-8C95-219E37CC5F23}.ReleaseLinux VQ3|x64.Build.0 = Release VQ3|x64
		{98384480-62DE-479A-A99F-23A4B835A848}.Debug QC|x64.ActiveCfg = Debug QC|x64
		{98384480-62DE-479A-A99F-23A4B835A848}.Debug QC|x64.Build.0 = Debug QC|x64
		{98384480-62DE-479A-A99F-23A4B835A848}.Debug VQ3|x64.ActiveCfg = Debug VQ3|x64
		{98384480-62DE-479A-A99F-23A4B835A848}.Debug VQ3|x64.Build.0 = Debug VQ3|x64
		{98384480-62DE-479A-A99F-23A4B835A848}.DebugLinux QC|x64.ActiveCfg = Debug VQ3|x64
		{98384480-62DE-479A-A99F-23A4B835A848}.DebugLinux VQ3|x64.ActiveCfg = Debug VQ3|x64
		{98384480-62DE-479A-A99F-23A4B835A848}.DebugLinux VQ3|x64.Build.0 = Debug VQ3|x64
		{98384480-62DE-479A-A99F-23A4B835A848}.Release QC|x64.ActiveCfg = Release QC|x64
		{98384480-62DE-479A-A99F-23A4B835A848}.Release QC|x64.Build.0 = Release QC|x64
		{98384480-62DE-479A-A99F-23A4B835A848}.Release VQ3|x64.ActiveCfg = Release VQ3|x64
		{98384480-62DE-479A-A99F-23A4B835A848}.Release VQ3|x64.Build.0 = Release VQ3|x64
		{98384480-62DE-479A-A99F-23A4B835A848}.ReleaseLinux QC|x64.ActiveCfg = Release VQ3|x64
		{98384480-62DE-479A-A99F-23A4B835A848}.ReleaseLinux VQ3|x64.ActiveCfg = Release VQ3|x64
		{98384480-62DE-479A-A99F-23A4B835A848}.ReleaseLinux VQ3|x64.Build.0 = Release VQ3|x64
		{5CBFE6D3-1142-4E88-B628-BF162D3C9061}.Debug QC|x64.ActiveCfg = Debug QC|x64
		{5CBFE6D3-1142-4E88-B628-BF162D3C9061}.Debug QC|x64.Build.0 = Debug QC|x64
		{5CBFE6D3-1142-4E88-B628-BF162D3C9061}.Debug VQ3|x64.ActiveCfg = Debug VQ3|x64
		{5CBFE6D3-1142-4E88-B628-BF162D3C9061}.Debug VQ3|x64.Build.0 = Debug VQ3|x64
		{5CBFE6D3-1142-4E88-B628-BF162D3C9061}.DebugLinux QC|x64.ActiveCfg = Debug VQ3|x64
		{5CBFE6D3-1142-4E88-B628-BF162D3C9061}.DebugLinux VQ3|x64.ActiveCfg = Debug VQ3|x64
		{5CBFE6D3-1142-4E88-B628-BF162D3C9061}.DebugLinux VQ3|x64.Build.0 = Debug VQ3|x64
		{5CBFE6D3-1142-4E88-B628-BF162D3C9061}.Release QC|x64.ActiveCfg = Release QC|x64
		{5CBFE6D3-1142-4E88-B628-BF162D3C9061}.Release QC|x64.Build.0 = Release QC|x64
		{5CBFE6D3-1142-4E88-B628-BF162D3C9061}.Release VQ3|x64.ActiveCfg = Release VQ3|x64
		{5CBFE6D3-1142-4E88-B628-BF162D3C9061}.Release VQ3|x64.Build.0 = Release VQ3|x64
		{5CBFE6D3-1142-4E88-B628-BF162D3C9061}.ReleaseLinux QC|x64.ActiveCfg = Release VQ3|x64
		{5CBFE6D3-1142-4E88-B628-BF162D3C9061}.ReleaseLinux VQ3|x64.ActiveCfg = Release VQ3|x64
		{5CBFE6D3-1142-4E88-B628-BF162D3C9061}.ReleaseLinux VQ3|x64.Build.0 = Release VQ3|x64
		{191A1D33-ADF9-4B92-8DE5-963392300D9F}.Debug QC|x64.ActiveCfg = Debug QC|x64
		{191A1D33-ADF9-4B92-8DE5-963392300D9F}.Debug QC|x64.Build.0 = Debug QC|x64
		{191A1D33-ADF9-4B92-8DE5-963392300D9F}.Debug VQ3|x64.ActiveCfg = Debug VQ3|x64
		{191A1D33-ADF9-4B92-8DE5-963392300D9F}.Debug VQ3|x64.Build.0 = Debug VQ3|x64
		{191A1D33-ADF9-4B92-8DE5-963392300D9F}.DebugLinux QC|x64.ActiveCfg = DebugLinux QC|x64
		{191A1D33-ADF9-4B92-8DE5-963392300D9F}.DebugLinux QC|x64.Build.0 = DebugLinux QC|x64
		{191A1D33-ADF9-4B92-8DE5-963392300D9F}.DebugLinux VQ3|x64.ActiveCfg = DebugLinux VQ3|x64
		{191A1D33-ADF9-4B92-8DE5-963392300D9F}.DebugLinux VQ3|x64.Build.0 = DebugLinux VQ3|x64
		{191A1D33-ADF9-4B92-8DE5-963392300D9F}.Release QC|x64.ActiveCfg = Release QC|x64
		{191A1D33-ADF9-4B92-8DE5-963392300D9F}.Release QC|x64.Build.0 = Release QC|x64
		{191A1D33-ADF9-4B92-8DE5-963392300D9F}.Release VQ3|x64.ActiveCfg = Release VQ3|x64
		{191A1D33-ADF9-4B92-8DE5-963392300D9F}.Release VQ3|x64.Build.0 = Release VQ3|x64
		{191A1D33-ADF9-4B92-8DE5-963392300D9F}.ReleaseLinux QC|x64.ActiveCfg = ReleaseLinux QC|x64
		{191A1D33-ADF9-4B92-8DE5-963392300D9F}.ReleaseLinux QC|x64.Build.0 = ReleaseLinux QC|x64
		{191A1D33-ADF9-4B92-8DE5-963392300D9F}.ReleaseLinux VQ3|x64.ActiveCfg = ReleaseLinux VQ3|x64
		{191A1D33-ADF9-4B92-8DE5-963392300D9F}.ReleaseLinux VQ3|x64.Build.0 = ReleaseLinux VQ3|x64
		{44EBDDDF-E852-4E26-978B-D768FCCD3C7C}.Debug QC|x64.ActiveCfg = Debug QC|x64
		{44EBDDDF-E852-4E26-978B-D768FCCD3C7C}.Debug QC|x64.Build.0 = Debug QC|x64
		{44EBDDDF-E852-4E26-978B-D768FCCD3C7C}.Debug VQ3|x64.ActiveCfg = Debug VQ3|x64
		{44EBDDDF-E852-4E26-978B-D768FCCD3C7C}.DebugLinux QC|x64.ActiveCfg = DebugLinux QC|x64
		{44EBDDDF-E852-4E26-978B-D768FCCD3C7C}.DebugLinux QC|x64.Build.0 = DebugLinux QC|x64
		{44EBDDDF-E852-4E26-978B-D768FCCD3C7C}.DebugLinux VQ3|x64.ActiveCfg = DebugLinux VQ3|x64
		{44EBDDDF-E852-4E26-978B-D768FCCD3C7C}.DebugLinux VQ3|x64.Build.0 = DebugLinux VQ3|x64
		{44EBDDDF-E852-4E26-978B-D768FCCD3C7C}.DebugLinux VQ3|x64.Deploy.0 = DebugLinux VQ3|x64
		{44EBDDDF-E852-4E26-978B-D768FCCD3C7C}.Release QC|x64.ActiveCfg = Release QC|x64
		{44EBDDDF-E852-4E26-978B-D768FCCD3C7C}.Release QC|x64.Build.0 = Release QC|x64
		{44EBDDDF-E852-4E26-978B-D768FCCD3C7C}.Release VQ3|x64.ActiveCfg = Release VQ3|x64
		{44EBDDDF-E852-4E26-978B-D768FCCD3C7C}.ReleaseLinux QC|x64.ActiveCfg = ReleaseLinux QC|x64
		{44EBDDDF-E852-4E26-978B-D768FCCD3C7C}.ReleaseLinux QC|x64.Build.0 = ReleaseLinux QC|x64
		{44EBDDDF-E852-4E26-978B-D768FCCD3C7C}.ReleaseLinux VQ3|x64.ActiveCfg = ReleaseLinux VQ3|x64
		{44EBDDDF-E852-4E26-978B-D768FCCD3C7C}.ReleaseLinux VQ3|x64.Build.0 = ReleaseLinux VQ3|x64
		{44EBDDDF-E852-4E26-978B-D768FCCD3C7C}.ReleaseLinux VQ3|x64.Deploy.0 = ReleaseLinux VQ3|x64
		{96A3F3D4-AF5A-4C5D-9CD4-093691D35B1C}.Debug QC|x64.ActiveCfg = Debug QC|x64
		{96A3F3D4-AF5A-4C5D-9CD4-093691D35B1C}.Debug QC|x64.Build.0 = Debug QC|x64
		{96A3F3D4-AF5A-4C5D-9CD4-093691D35B1C}.Debug VQ3|x64.ActiveCfg = Debug VQ3|x64
		{96A3F3D4-AF5A-4C5D-9CD4-093691D35B1C}.Debug VQ3|x64.Build.0 = Debug VQ3|x64
		{96A3F3D4-AF5A-4C5D-9CD4-093691D35B1C}.DebugLinux QC|x64.ActiveCfg = DebugLinux QC|x64
		{96A3F3D4-AF5A-4C5D-9CD4-093691D35B1C}.DebugLinux VQ3|x64.ActiveCfg = DebugLinux VQ3|x64
		{96A3F3D4-AF5A-4C5D-9CD4-093691D35B1C}.DebugLinux VQ3|x64.Build.0 = DebugLinux VQ3|x64
		{96A3F3D4-AF5A-4C5D-9CD4-093691D35B1C}.DebugLinux VQ3|x64.Deploy.0 = DebugLinux VQ3|x64
		{96A3F3D4-AF5A-4C5D-9CD4-093691D35B1C}.Release QC|x64.ActiveCfg = Release QC|x64
		{96A3F3D4-AF5A-4C5D-9CD4-093691D35B1C}.Release QC|x64.Build.0 = Release QC|x64
		{96A3F3D4-AF5A-4C5D-9CD4-093691D35B1C}.Release VQ3|x64.ActiveCfg = Release VQ3|x64
		{96A3F3D4-AF5A-4C5D-9CD4-093691D35B1C}.Release VQ3|x64.Build.0 = Release VQ3|x64
		{96A3F3D4-AF5A-4C5D-9CD4-093691D35B1C}.ReleaseLinux QC|x64.ActiveCfg = ReleaseLinux QC|x64
		{96A3F3D4-AF5A-4C5D-9CD4-093691D35B1C}.ReleaseLinux VQ3|x64.ActiveCfg = ReleaseLinux VQ3|x64
		{96A3F3D4-AF5A-4C5D-9CD4-093691D35B1C}.ReleaseLinux VQ3|x64.Build.0 = ReleaseLinux VQ3|x64
		{96A3F3D4-AF5A-4C5D-9CD4-093691D35B1C}.ReleaseLinux VQ3|x64.Deploy.0 = ReleaseLinux VQ3|x64
		{F6DF9617-1655-4F97-BD2A-DB7D16707905}.Debug QC|x64.ActiveCfg = Debug QC|x64
		{F6DF9617-1655-4F97-BD2A-DB7D16707905}.Debug QC|x64.Build.0 = Debug QC|x64
		{F6DF9617-1655-4F97-BD2A-DB7D16707905}.Debug VQ3|x64.ActiveCfg = Debug VQ3|x64
		{F6DF9617-1655-4F97-BD2A-DB7D16707905}.Debug VQ3|x64.Build.0 = Debug VQ3|x64
		{F6DF9617-1655-4F97-BD2A-DB7D16707905}.DebugLinux QC|x64.ActiveCfg = Debug VQ3|x64
		{F6DF9617-1655-4F97-BD2A-DB7D16707905}.DebugLinux VQ3|x64.ActiveCfg = Debug VQ3|x64
		{F6DF9617-1655-4F97-BD2A-DB7D16707905}.DebugLinux VQ3|x64.Build.0 = Debug VQ3|x64
		{F6DF9617-1655-4F97-BD2A-DB7D16707905}.Release QC|x64.ActiveCfg = Release QC|x64
		{F6DF9617-1655-4F97-BD2A-DB7D16707905}.Release QC|x64.Build.0 = Release QC|x64
		{F6DF9617-1655-4F97-BD2A-DB7D16707905}.Release VQ3|x64.ActiveCfg = Release VQ3|x64
		{F6DF9617-1655-4F97-BD2A-DB7D16707905}.Release VQ3|x64.Build.0 = Release VQ3|x64
		{F6DF9617-1655-4F97-BD2A-DB7D16707905}.ReleaseLinux QC|x64.ActiveCfg = Release VQ3|x64
		{F6DF9617-1655-4F97-BD2A-DB7D16707905}.ReleaseLinux VQ3|x64.ActiveCfg = Release VQ3|x64
		{F6DF9617-1655-4F97-BD2A-DB7D16707905}.ReleaseLinux VQ3|x64.Build.0 = Release VQ3|x64
		{B19D02DC-13DE-405C-A30A-3035DA280233}.Debug QC|x64.ActiveCfg = Debug QC|x64
		{B19D02DC-13DE-405C-A30A-3035DA280233}.Debug QC|x64.Build.0 = Debug QC|x64
		{B19D02DC-13DE-405C-A30A-3035DA280233}.Debug VQ3|x64.ActiveCfg = Debug VQ3|x64
		{B19D02DC-13DE-405C-A30A-3035DA280233}.Debug VQ3|x64.Build.0 = Debug VQ3|x64
		{B19D02DC-13DE-405C-A30A-3035DA280233}.DebugLinux QC|x64.ActiveCfg = DebugLinux QC|x64
		{B19D02DC-13DE-405C-A30A-3035DA280233}.DebugLinux QC|x64.Build.0 = DebugLinux QC|x64
		{B19D02DC-13DE-405C-A30A-3035DA280233}.DebugLinux VQ3|x64.ActiveCfg = DebugLinux VQ3|x64
		{B19D02DC-13DE-405C-A30A-3035DA280233}.DebugLinux VQ3|x64.Build.0 = DebugLinux VQ3|x64
		{B19D02DC-13DE-405C-A30A-3035DA280233}.DebugLinux VQ3|x64.Deploy.0 = DebugLinux VQ3|x64
		{B19D02DC-13DE-405C-A30A-3035DA280233}.Release QC|x64.ActiveCfg = Release QC|x64
		{B19D02DC-13DE-405C-A30A-3035DA280233}.Release QC|x64.Build.0 = Release QC|x64
		{B19D02DC-13DE-405C-A30A-3035DA280233}.Release VQ3|x64.ActiveCfg = Release VQ3|x64
		{B19D02DC-13DE-405C-A30A-3035DA280233}.Release VQ3|x64.Build.0 = Release VQ3|x64
		{B19D02DC-13DE-405C-A30A-3035DA280233}.ReleaseLinux QC|x64.ActiveCfg = ReleaseLinux QC|x64
		{B19D02DC-13DE-405C-A30A-3035DA280233}.ReleaseLinux QC|x64.Build.0 = ReleaseLinux QC|x64
		{B19D02DC-13DE-405C-A30A-3035DA280233}.ReleaseLinux VQ3|x64.ActiveCfg = ReleaseLinux VQ3|x64
		{B19D02DC-13DE-405C-A30A-3035DA280233}.ReleaseLinux VQ3|x64.Build.0 = ReleaseLinux VQ3|x64
		{B19D02DC-13DE-405C-A30A-3035DA280233}.ReleaseLinux VQ3|x64.Deploy.0 = ReleaseLinux VQ3|x64
		{E4934D28-D339-4A97-93FA-8E69495B7FA1}.Debug QC|x64.ActiveCfg = Debug QC|x64
		{E4934D28-D339-4A97-93FA-8E69495B7FA1}.Debug QC|x64.Build.0 = Debug QC|x64
		{E4934D28-D339-4A97-93FA-8E69495B7FA1}.Debug VQ3|x64.ActiveCfg = Debug VQ3|x64
		{E4934D28-D339-4A97-93FA-8E69495B7FA1}.Debug VQ3|x64.Build.0 = Debug VQ3|x64
		{E4934D28-D339-4A97-93FA-8E69495B7FA1}.DebugLinux QC|x64.ActiveCfg = DebugLinux QC|x64
		{E4934D28-D339-4A97-93FA-8E69495B7FA1}.DebugLinux QC|x64.Build.0 = DebugLinux QC|x64
		{E4934D28-D339-4A97-93FA-8E69495B7FA1}.DebugLinux VQ3|x64.ActiveCfg = DebugLinux VQ3|x64
		{E4934D28-D339-4A97-93FA-8E69495B7FA1}.DebugLinux VQ3|x64.Build.0 = DebugLinux VQ3|x64
		{E4934D28-D339-4A97-93FA-8E69495B7FA1}.DebugLinux VQ3|x64.Deploy.0 = DebugLinux VQ3|x64
		{E4934D28-D339-4A97-93FA-8E69495B7FA1}.Release QC|x64.ActiveCfg = Release QC|x64
		{E4934D28-D339-4A97-93FA-8E69495B7FA1}.Release QC|x64.Build.0 = Release QC|x64
		{E4934D28-D339-4A97-93FA-8E69495B7FA1}.Release VQ3|x64.ActiveCfg = Release VQ3|x64
		{E4934D28-D339-4A97-93FA-8E69495B7FA1}.Release VQ3|x64.Build.0 = Release VQ3|x64
		{E4934D28-D339-4A97-93FA-8E69495B7FA1}.ReleaseLinux QC|x64.ActiveCfg = ReleaseLinux QC|x64
		{E4934D28-D339-4A97-93FA-8E69495B7FA1}.ReleaseLinux QC|x64.Build.0 = ReleaseLinux QC|x64
		{E4934D28-D339-4A97-93FA-8E69495B7FA1}.ReleaseLinux VQ3|x64.ActiveCfg = ReleaseLinux VQ3|x64
		{E4934D28-D339-4A97-93FA-8E69495B7FA1}.ReleaseLinux VQ3|x64.Build.0 = ReleaseLinux VQ3|x64
		{E4934D28-D339-4A97-93FA-8E69495B7FA1}.ReleaseLinux VQ3|x64.Deploy.0 = ReleaseLinux VQ3|x64
		{C9BA6D30-AF2A-4145-A6ED-67D82C3F7299}.Debug QC|x64.ActiveCfg = Debug QC|x64
		{C9BA6D30-AF2A-4145-A6ED-67D82C3F7299}.Debug QC|x64.Build.0 = Debug QC|x64
		{C9BA6D30-AF2A-4145-A6ED-67D82C3F7299}.Debug VQ3|x64.ActiveCfg = Debug VQ3|x64
		{C9BA6D30-AF2A-4145-A6ED-67D82C3F7299}.Debug VQ3|x64.Build.0 = Debug VQ3|x64
		{C9BA6D30-AF2A-4145-A6ED-67D82C3F7299}.DebugLinux QC|x64.ActiveCfg = Debug VQ3|x64
		{C9BA6D30-AF2A-4145-A6ED-67D82C3F7299}.DebugLinux VQ3|x64.ActiveCfg = Debug VQ3|x64
		{C9BA6D30-AF2A-4145-A6ED-67D82C3F7299}.DebugLinux VQ3|x64.Build.0 = Debug VQ3|x64
		{C9BA6D30-AF2A-4145-A6ED-67D82C3F7299}.Release QC|x64.ActiveCfg = Release QC|x64
		{C9BA6D30-AF2A-4145-A6ED-67D82C3F7299}.Release QC|x64.Build.0 = Release QC|x64
		{C9BA6D30-AF2A-4145-A6ED-67D82C3F7299}.Release VQ3|x64.ActiveCfg = Release VQ3|x64
		{C9BA6D30-AF2A-4145-A6ED-67D82C3F7299}.Release VQ3|x64.Build.0 = Release VQ3|x64
		{C9BA6D30-AF2A-4145-A6ED-67D82C3F7299}.ReleaseLinux QC|x64.ActiveCfg = Release VQ3|x64
		{C9BA6D30-AF2A-4145-A6ED-67D82C3F7299}.ReleaseLinux VQ3|x64.ActiveCfg = Release VQ3|x64
		{C9BA6D30-AF2A-4145-A6ED-67D82C3F7299}.ReleaseLinux VQ3|x64.Build.0 = Release VQ3|x64
		{2046331E-A7DA-43CE-A9AF-BF63BB4AFAEA}.Debug QC|x64.ActiveCfg = Debug QC|x64
		{2046331E-A7DA-43CE-A9AF-BF63BB4AFAEA}.Debug QC|x64.Build.0 = Debug QC|x64
		{2046331E-A7DA-43CE-A9AF-BF63BB4AFAEA}.Debug VQ3|x64.ActiveCfg = Debug VQ3|x64
		{2046331E-A7DA-43CE-A9AF-BF63BB4AFAEA}.Debug VQ3|x64.Build.0 = Debug VQ3|x64
		{2046331E-A7DA-43CE-A9AF-BF63BB4AFAEA}.DebugLinux QC|x64.ActiveCfg = Debug VQ3|x64
		{2046331E-A7DA-43CE-A9AF-BF63BB4AFAEA}.DebugLinux VQ3|x64.ActiveCfg = Debug VQ3|x64
		{2046331E-A7DA-43CE-A9AF-BF63BB4AFAEA}.DebugLinux VQ3|x64.Build.0 = Debug VQ3|x64
		{2046331E-A7DA-43CE-A9AF-BF63BB4AFAEA}.Release QC|x64.ActiveCfg = Release QC|x64
		{2046331E-A7DA-43CE-A9AF-BF63BB4AFAEA}.Release QC|x64.Build.0 = Release QC|x64
		{2046331E-A7DA-43CE-A9AF-BF63BB4AFAEA}.Release VQ3|x64.ActiveCfg = Release VQ3|x64
		{2046331E-A7DA-43CE-A9AF-BF63BB4AFAEA}.Release VQ3|x64.Build.0 = Release VQ3|x64
		{2046331E-A7DA-43CE-A9AF-BF63BB4AFAEA}.ReleaseLinux QC|x64.ActiveCfg = Release VQ3|x64
		{2046331E-A7DA-43CE-A9AF-BF63BB4AFAEA}.ReleaseLinux VQ3|x64.ActiveCfg = Release VQ3|x64
		{2046331E-A7DA-43CE-A9AF-BF63BB4AFAEA}.ReleaseLinux VQ3|x64.Build.0 = Release VQ3|x64
		{8F5D33DD-82DA-4CCA-A1C6-8DF98FEDA96F}.Debug QC|x64.ActiveCfg = Debug QC|x64
		{8F5D33DD-82DA-4CCA-A1C6-8DF98FEDA96F}.Debug QC|x64.Build.0 = Debug QC|x64
		{8F5D33DD-82DA-4CCA-A1C6-8DF98FEDA96F}.Debug VQ3|x64.ActiveCfg = Debug VQ3|x64
		{8F5D33DD-82DA-4CCA-A1C6-8DF98FEDA96F}.Debug VQ3|x64.Build.0 = Debug VQ3|x64
		{8F5D33DD-82DA-4CCA-A1C6-8DF98FEDA96F}.DebugLinux QC|x64.ActiveCfg = DebugLinux QC|x64
		{8F5D33DD-82DA-4CCA-A1C6-8DF98FEDA96F}.DebugLinux QC|x64.Deploy.0 = DebugLinux QC|x64
		{8F5D33DD-82DA-4CCA-A1C6-8DF98FEDA96F}.DebugLinux VQ3|x64.ActiveCfg = DebugLinux VQ3|x64
		{8F5D33DD-82DA-4CCA-A1C6-8DF98FEDA96F}.DebugLinux VQ3|x64.Build.0 = DebugLinux VQ3|x64
		{8F5D33DD-82DA-4CCA-A1C6-8DF98FEDA96F}.DebugLinux VQ3|x64.Deploy.0 = DebugLinux VQ3|x64
		{8F5D33DD-82DA-4CCA-A1C6-8DF98FEDA96F}.Release QC|x64.ActiveCfg = Release QC|x64
		{8F5D33DD-82DA-4CCA-A1C6-8DF98FEDA96F}.Release QC|x64.Build.0 = Release QC|x64
		{8F5D33DD-82DA-4CCA-A1C6-8DF98FEDA96F}.Release VQ3|x64.ActiveCfg = Release VQ3|x64
		{8F5D33DD-82DA-4CCA-A1C6-8DF98FEDA96F}.Release VQ3|x64.Build.0 = Release VQ3|x64
		{8F5D33DD-82DA-4CCA-A1C6-8DF98FEDA96F}.ReleaseLinux QC|x64.ActiveCfg = ReleaseLinux QC|x64
		{8F5D33DD-82DA-4CCA-A1C6-8DF98FEDA96F}.ReleaseLinux QC|x64.Deploy.0 = ReleaseLinux QC|x64
		{8F5D33DD-82DA-4CCA-A1C6-8DF98FEDA96F}.ReleaseLinux VQ3|x64.ActiveCfg = ReleaseLinux VQ3|x64
		{8F5D33DD-82DA-4CCA-A1C6-8DF98FEDA96F}.ReleaseLinux VQ3|x64.Build.0 = ReleaseLinux VQ3|x64
		{8F5D33DD-82DA-4CCA-A1C6-8DF98FEDA96F}.ReleaseLinux VQ3|x64.Deploy.0 = ReleaseLinux VQ3|x64
		{F001B5C2-FBAE-4272-BD55-25AF6D9073CA}.Debug QC|x64.ActiveCfg = Debug QC|x64
		{F001B5C2-FBAE-4272-BD55-25AF6D9073CA}.Debug QC|x64.Build.0 = Debug QC|x64
		{F001B5C2-FBAE-4272-BD55-25AF6D9073CA}.Debug VQ3|x64.ActiveCfg = Debug VQ3|x64
		{F001B5C2-FBAE-4272-BD55-25AF6D9073CA}.Debug VQ3|x64.Build.0 = Debug VQ3|x64
		{F001B5C2-FBAE-4272-BD55-25AF6D9073CA}.DebugLinux QC|x64.ActiveCfg = DebugLinux QC|x64
		{F001B5C2-FBAE-4272-BD55-25AF6D9073CA}.DebugLinux QC|x64.Deploy.0 = DebugLinux QC|x64
		{F001B5C2-FBAE-4272-BD55-25AF6D9073CA}.DebugLinux VQ3|x64.ActiveCfg = DebugLinux VQ3|x64
		{F001B5C2-FBAE-4272-BD55-25AF6D9073CA}.DebugLinux VQ3|x64.Build.0 = DebugLinux VQ3|x64
		{F001B5C2-FBAE-4272-BD55-25AF6D9073CA}.DebugLinux VQ3|x64.Deploy.0 = DebugLinux VQ3|x64
		{F001B5C2-FBAE-4272-BD55-25AF6D9073CA}.Release QC|x64.ActiveCfg = Release QC|x64
		{F001B5C2-FBAE-4272-BD55-25AF6D9073CA}.Release QC|x64.Build.0 = Release QC|x64
		{F001B5C2-FBAE-4272-BD55-25AF6D9073CA}.Release VQ3|x64.ActiveCfg = Release VQ3|x64
		{F001B5C2-FBAE-4272-BD55-25AF6D9073CA}.Release VQ3|x64.Build.0 = Release VQ3|x64
		{F001B5C2-FBAE-4272-BD55-25AF6D9073CA}.ReleaseLinux QC|x64.ActiveCfg = ReleaseLinux QC|x64
		{F001B5C2-FBAE-4272-BD55-25AF6D9073CA}.ReleaseLinux QC|x64.Deploy.0 = ReleaseLinux QC|x64
		{F001B5C2-FBAE-4272-BD55-25AF6D9073CA}.ReleaseLinux VQ3|x64.ActiveCfg = ReleaseLinux VQ3|x64
		{F001B5C2-FBAE-4272-BD55-25AF6D9073CA}.ReleaseLinux VQ3|x64.Build.0 = ReleaseLinux VQ3|x64
		{F001B5C2-FBAE-4272-BD55-25AF6D9073CA}.ReleaseLinux VQ3|x64.Deploy.0 = ReleaseLinux VQ3|x64
		{43324650-20B6-4A30-AE8D-EAF51D36838B}.Debug QC|x64.ActiveCfg = Debug QC|x64
		{43324650-20B6-4A30-AE8D-EAF51D36838B}.Debug QC|x64.Build.0 = Debug QC|x64
		{43324650-20B6-4A30-AE8D-EAF51D36838B}.Debug VQ3|x64.ActiveCfg = Debug VQ3|x64
		{43324650-20B6-4A30-AE8D-EAF51D36838B}.Debug VQ3|x64.Build.0 = Debug VQ3|x64
		{43324650-20B6-4A30-AE8D-EAF51D36838B}.DebugLinux QC|x64.ActiveCfg = DebugLinux QC|x64
		{43324650-20B6-4A30-AE8D-EAF51D36838B}.DebugLinux QC|x64.Deploy.0 = DebugLinux QC|x64
		{43324650-20B6-4A30-AE8D-EAF51D36838B}.DebugLinux VQ3|x64.ActiveCfg = DebugLinux VQ3|x64
		{43324650-20B6-4A30-AE8D-EAF51D36838B}.DebugLinux VQ3|x64.Build.0 = DebugLinux VQ3|x64
		{43324650-20B6-4A30-AE8D-EAF51D36838B}.DebugLinux VQ3|x64.Deploy.0 = DebugLinux VQ3|x64
		{43324650-20B6-4A30-AE8D-EAF51D36838B}.Release QC|x64.ActiveCfg = Release QC|x64
		{43324650-20B6-4A30-AE8D-EAF51D36838B}.Release QC|x64.Build.0 = Release QC|x64
		{43324650-20B6-4A30-AE8D-EAF51D36838B}.Release VQ3|x64.ActiveCfg = Release VQ3|x64
		{43324650-20B6-4A30-AE8D-EAF51D36838B}.Release VQ3|x64.Build.0 = Release VQ3|x64
		{43324650-20B6-4A30-AE8D-EAF51D36838B}.ReleaseLinux QC|x64.ActiveCfg = ReleaseLinux QC|x64
		{43324650-20B6-4A30-AE8D-EAF51D36838B}.ReleaseLinux QC|x64.Deploy.0 = ReleaseLinux QC|x64
		{43324650-20B6-4A30-AE8D-EAF51D36838B}.ReleaseLinux VQ3|x64.ActiveCfg = ReleaseLinux VQ3|x64
		{43324650-20B6-4A30-AE8D-EAF51D36838B}.ReleaseLinux VQ3|x64.Build.0 = ReleaseLinux VQ3|x64
		{43324650-20B6-4A30-AE8D-EAF51D36838B}.ReleaseLinux VQ3|x64.Deploy.0 = ReleaseLinux VQ3|x64
		{22E9DE0F-3A2F-44C4-908C-6DC46BE6E90F}.Debug QC|x64.ActiveCfg = Debug QC|x64
		{22E9DE0F-3A2F-44C4-908C-6DC46BE6E90F}.Debug QC|x64.Build.0 = Debug QC|x64
		{22E9DE0F-3A2F-44C4-908C-6DC46BE6E90F}.Debug VQ3|x64.ActiveCfg = Debug VQ3|x64
		{22E9DE0F-3A2F-44C4-908C-6DC46BE6E90F}.Debug VQ3|x64.Build.0 = Debug VQ3|x64
		{22E9DE0F-3A2F-44C4-908C-6DC46BE6E90F}.DebugLinux QC|x64.ActiveCfg = DebugLinux QC|x64
		{22E9DE0F-3A2F-44C4-908C-6DC46BE6E90F}.DebugLinux QC|x64.Deploy.0 = DebugLinux QC|x64
		{22E9DE0F-3A2F-44C4-908C-6DC46BE6E90F}.DebugLinux VQ3|x64.ActiveCfg = DebugLinux VQ3|x64
		{22E9DE0F-3A2F-44C4-908C-6DC46BE6E90F}.DebugLinux VQ3|x64.Build.0 = DebugLinux VQ3|x64
		{22E9DE0F-3A2F-44C4-908C-6DC46BE6E90F}.DebugLinux VQ3|x64.Deploy.0 = DebugLinux VQ3|x64
		{22E9DE0F-3A2F-44C4-908C-6DC46BE6E90F}.Release QC|x64.ActiveCfg = Release QC|x64
		{22E9DE0F-3A2F-44C4-908C-6DC46BE6E90F}.Release QC|x64.Build.0 = Release QC|x64
		{22E9DE0F-3A2F-44C4-908C-6DC46BE6E90F}.Release VQ3|x64.ActiveCfg = Release VQ3|x64
		{22E9DE0F-3A2F-44C4-908C-6DC46BE6E90F}.Release VQ3|x64.Build.0 = Release VQ3|x64
		{22E9DE0F-3A2F-44C4-908C-6DC46BE6E90F}.ReleaseLinux QC|x64.ActiveCfg = ReleaseLinux QC|x64
		{22E9DE0F-3A2F-44C4-908C-6DC46BE6E90F}.ReleaseLinux QC|x64.Deploy.0 = ReleaseLinux QC|x64
		{22E9DE0F-3A2F-44C4-908C-6DC46BE6E90F}.ReleaseLinux VQ3|x64.ActiveCfg = ReleaseLinux VQ3|x64
		{22E9DE0F-3A2F-44C4-908C-6DC46BE6E90F}.ReleaseLinux VQ3|x64.Build.0 = ReleaseLinux VQ3|x64
		{22E9DE0F-3A2F-44C4-908C-6DC46BE6E90F}.ReleaseLinux VQ3|x64.Deploy.0 = ReleaseLinux VQ3|x64
	EndGlobalSection
	GlobalSection(SolutionProperties) = preSolution
		HideSolutionNode = FALSE
	EndGlobalSection
	GlobalSection(NestedProjects) = preSolution
		{38E39CA2-35F5-406A-986A-33663F46CB18} = {9D9B5D95-0E40-4AF0-8101-365D63B4ADCC}
		{2CFFB539-8BE8-4C54-B32A-8E0CC9A57C0B} = {9D9B5D95-0E40-4AF0-8101-365D63B4ADCC}
		{0F8F6670-E22A-4BFB-9455-6D733B62D3C9} = {9D9B5D95-0E40-4AF0-8101-365D63B4ADCC}
		{77344696-7093-4B68-9ECE-4EA2E32C1A4A} = {9D9B5D95-0E40-4AF0-8101-365D63B4ADCC}
		{7E03B592-2400-4436-B343-2A1F88FF8327} = {60C8161F-ED86-4FEF-BDAF-748BED7C62A3}
		{125AF0D7-3E5A-4557-9BF5-F4FBDFFACB1C} = {60C8161F-ED86-4FEF-BDAF-748BED7C62A3}
		{1124452F-5852-46DF-8C95-219E37CC5F23} = {60C8161F-ED86-4FEF-BDAF-748BED7C62A3}
		{98384480-62DE-479A-A99F-23A4B835A848} = {60C8161F-ED86-4FEF-BDAF-748BED7C62A3}
		{5CBFE6D3-1142-4E88-B628-BF162D3C9061} = {60C8161F-ED86-4FEF-BDAF-748BED7C62A3}
		{191A1D33-ADF9-4B92-8DE5-963392300D9F} = {9D9B5D95-0E40-4AF0-8101-365D63B4ADCC}
		{44EBDDDF-E852-4E26-978B-D768FCCD3C7C} = {9D9B5D95-0E40-4AF0-8101-365D63B4ADCC}
		{96A3F3D4-AF5A-4C5D-9CD4-093691D35B1C} = {2DD18D12-27B0-4F78-A8BB-BAA9E60DA346}
		{F6DF9617-1655-4F97-BD2A-DB7D16707905} = {2DD18D12-27B0-4F78-A8BB-BAA9E60DA346}
		{B19D02DC-13DE-405C-A30A-3035DA280233} = {2DD18D12-27B0-4F78-A8BB-BAA9E60DA346}
		{E4934D28-D339-4A97-93FA-8E69495B7FA1} = {2DD18D12-27B0-4F78-A8BB-BAA9E60DA346}
		{C9BA6D30-AF2A-4145-A6ED-67D82C3F7299} = {2DD18D12-27B0-4F78-A8BB-BAA9E60DA346}
		{2046331E-A7DA-43CE-A9AF-BF63BB4AFAEA} = {60C8161F-ED86-4FEF-BDAF-748BED7C62A3}
		{8F5D33DD-82DA-4CCA-A1C6-8DF98FEDA96F} = {A4C4541C-5631-4D56-A0CA-E4A8D6DAD031}
		{A4C4541C-5631-4D56-A0CA-E4A8D6DAD031} = {9D9B5D95-0E40-4AF0-8101-365D63B4ADCC}
		{F001B5C2-FBAE-4272-BD55-25AF6D9073CA} = {A4C4541C-5631-4D56-A0CA-E4A8D6DAD031}
		{43324650-20B6-4A30-AE8D-EAF51D36838B} = {A4C4541C-5631-4D56-A0CA-E4A8D6DAD031}
		{22E9DE0F-3A2F-44C4-908C-6DC46BE6E90F} = {A4C4541C-5631-4D56-A0CA-E4A8D6DAD031}
	EndGlobalSection
	GlobalSection(ExtensibilityGlobals) = postSolution
		SolutionGuid = {89A3FD95-52E2-4617-BCF0-9E134C3E46C5}
	EndGlobalSection
EndGlobal
