<?xml version="1.0" encoding="utf-8"?>
<Project ToolsVersion="4.0" xmlns="http://schemas.microsoft.com/developer/msbuild/2003">
  <ItemGroup>
    <ClCompile Include="$(ProgSrcDir)code\qc_ui\ui_main.cpp" />
    <ClCompile Include="$(ProgSrcDir)code\qc_ui\ui_renderinterface.cpp" />
    <ClCompile Include="$(ProgSrcDir)code\qc_ui\ui_fileinterface.cpp" />
    <ClCompile Include="$(ProgSrcDir)code\ui\ui_syscalls.c" />
  </ItemGroup>
  <ItemGroup>
    <ClInclude Include="$(ProgSrcDir)code\qcommon\q_shared.h" />
    <ClInclude Include="$(ProgSrcDir)code\qc_ui\ui_local.h" />
    <ClInclude Include="$(ProgSrcDir)code\qc_ui\ui_public.h" />
  </ItemGroup>
</Project>